{
  "object": {
    "pins": [
      {
        "package": "Dynamic",
        "repositoryURL": "https://github.com/mhdhejazi/Dynamic.git",
        "state": {
          "branch": "master",
          "revision": "772883073d044bc754d401cabb6574624eb3778f",
          "version": null
        }
      },
      {
        "package": "Introspect",
        "repositoryURL": "https://github.com/siteline/SwiftUI-Introspect.git",
        "state": {
          "branch": null,
          "revision": "2e09be8af614401bc9f87d40093ec19ce56ccaf2",
          "version": "0.1.3"
        }
      },
      {
        "package": "watch-date-picker",
        "repositoryURL": "https://github.com/freyaariel/watch-date-picker.git",
        "state": {
          "branch": "main",
          "revision": "7eb37874b83a53f47c7e48d2a14b88f39a2d3208",
          "version": null
        }
      }
    ]
  },
  "version": 1
}
