{
  "pins" : [
    {
      "identity" : "dynamic",
      "kind" : "remoteSourceControl",
      "location" : "https://github.com/mhdhejazi/Dynamic.git",
      "state" : {
        "branch" : "master",
        "revision" : "772883073d044bc754d401cabb6574624eb3778f"
      }
    },
    {
      "identity" : "swiftui-introspect",
      "kind" : "remoteSourceControl",
      "location" : "https://github.com/siteline/SwiftUI-Introspect.git",
      "state" : {
        "revision" : "c18951c747ab62af7c15e17a81bd37d4fd5a9979",
        "version" : "0.2.3"
      }
    },
    {
      "identity" : "watch-date-picker",
      "kind" : "remoteSourceControl",
      "location" : "https://github.com/freyaariel/watch-date-picker.git",
      "state" : {
        "branch" : "main",
        "revision" : "23a6727df1dff5918e183cd4c69881fffdaf4248"
      }
    }
  ],
  "version" : 2
}
