{
  "pins" : [
    {
      "identity" : "dynamic",
      "kind" : "remoteSourceControl",
      "location" : "https://github.com/mhdhejazi/Dynamic.git",
      "state" : {
        "branch" : "master",
        "revision" : "772883073d044bc754d401cabb6574624eb3778f"
      }
    },
    {
      "identity" : "swiftui-introspect",
      "kind" : "remoteSourceControl",
      "location" : "https://github.com/siteline/SwiftUI-Introspect.git",
      "state" : {
        "revision" : "2e09be8af614401bc9f87d40093ec19ce56ccaf2",
        "version" : "0.1.3"
      }
    },
    {
      "identity" : "watch-date-picker",
      "kind" : "remoteSourceControl",
      "location" : "https://github.com/freyaariel/watch-date-picker.git",
      "state" : {
        "branch" : "main",
        "revision" : "86415b8ba5c5687afc6449a598b4538c4fe2c9c6"
      }
    }
  ],
  "version" : 2
}
